
Microsoft Visual Studio Solution File, Format Version 12.00
# Visual Studio 15
VisualStudioVersion = 15.0.27703.2047
MinimumVisualStudioVersion = 10.0.40219.1
Project("{8BC9CEB8-8B4A-11D0-8D11-00A0C91BC942}") = "ms05_oop", "ms05_oop.vcxproj", "{CB70C8EF-160E-4F8A-B380-A61C61729454}"
EndProject
Global
	GlobalSection(SolutionConfigurationPlatforms) = preSolution
		Debug|x64 = Debug|x64
		Debug|x86 = Debug|x86
		Release|x64 = Release|x64
		Release|x86 = Release|x86
	EndGlobalSection
	GlobalSection(ProjectConfigurationPlatforms) = postSolution
		{CB70C8EF-160E-4F8A-B380-A61C61729454}.Debug|x64.ActiveCfg = Debug|x64
		{CB70C8EF-160E-4F8A-B380-A61C61729454}.Debug|x64.Build.0 = Debug|x64
		{CB70C8EF-160E-4F8A-B380-A61C61729454}.Debug|x86.ActiveCfg = Debug|Win32
		{CB70C8EF-160E-4F8A-B380-A61C61729454}.Debug|x86.Build.0 = Debug|Win32
		{CB70C8EF-160E-4F8A-B380-A61C61729454}.Release|x64.ActiveCfg = Release|x64
		{CB70C8EF-160E-4F8A-B380-A61C61729454}.Release|x64.Build.0 = Release|x64
		{CB70C8EF-160E-4F8A-B380-A61C61729454}.Release|x86.ActiveCfg = Release|Win32
		{CB70C8EF-160E-4F8A-B380-A61C61729454}.Release|x86.Build.0 = Release|Win32
	EndGlobalSection
	GlobalSection(SolutionProperties) = preSolution
		HideSolutionNode = FALSE
	EndGlobalSection
	GlobalSection(ExtensibilityGlobals) = postSolution
		SolutionGuid = {36DE6FD0-0752-4DD2-B577-6A86AD556AF2}
	EndGlobalSection
EndGlobal
